{
  "name": "car-app",
  "version": "1.0.0",
  "lockfileVersion": 3,
  "requires": true,
  "packages": {
    "": {
      "name": "car-app",
      "version": "1.0.0",
      "license": "ISC",
      "dependencies": {
        "@classlibrary/core-js": "file:../core-js"
      }
    },
    "node_modules/@classlibrary/core-js": {
      "version": "1.0.0",
      "resolved": "file:../core-js",
      "license": "ISC"
    }
  }
}
